
Microsoft Visual Studio Solution File, Format Version 12.00
# Visual Studio Version 17
VisualStudioVersion = 17.13.35818.85 d17.13
MinimumVisualStudioVersion = 10.0.40219.1
Project("{FAE04EC0-301F-11D3-BF4B-00C04F79EFBC}") = "Labo-4---Connection", "Labo-4---Connection\Labo-4---Connection.csproj", "{45136CB2-C470-418C-9D6A-30E713DEFF5F}"
EndProject
Global
	GlobalSection(SolutionConfigurationPlatforms) = preSolution
		Debug|Any CPU = Debug|Any CPU
		Release|Any CPU = Release|Any CPU
	EndGlobalSection
	GlobalSection(ProjectConfigurationPlatforms) = postSolution
		{45136CB2-C470-418C-9D6A-30E713DEFF5F}.Debug|Any CPU.ActiveCfg = Debug|Any CPU
		{45136CB2-C470-418C-9D6A-30E713DEFF5F}.Debug|Any CPU.Build.0 = Debug|Any CPU
		{45136CB2-C470-418C-9D6A-30E713DEFF5F}.Release|Any CPU.ActiveCfg = Release|Any CPU
		{45136CB2-C470-418C-9D6A-30E713DEFF5F}.Release|Any CPU.Build.0 = Release|Any CPU
	EndGlobalSection
	GlobalSection(SolutionProperties) = preSolution
		HideSolutionNode = FALSE
	EndGlobalSection
	GlobalSection(ExtensibilityGlobals) = postSolution
		SolutionGuid = {0DB7BC0B-AE41-4DBF-931E-756C5E70705B}
	EndGlobalSection
EndGlobal
